
Microsoft Visual Studio Solution File, Format Version 12.00
# Visual Studio 15
VisualStudioVersion = 15.0.26124.0
MinimumVisualStudioVersion = 15.0.26124.0
Project("{FAE04EC0-301F-11D3-BF4B-00C04F79EFBC}") = "SoftwareUpdater", "SoftwareUpdater\SoftwareUpdater.csproj", "{79A46867-BBA2-434A-BFB1-E47391601FA8}"
EndProject
Project("{FAE04EC0-301F-11D3-BF4B-00C04F79EFBC}") = "SoftwareUpdater.Test", "SoftwareUpdater.Test\SoftwareUpdater.Test.csproj", "{63F857AA-EE91-45C4-ABE3-E9A8E5E2AA98}"
EndProject
Project("{FAE04EC0-301F-11D3-BF4B-00C04F79EFBC}") = "DemoSelfUpdateApp", "DemoSelfUpdateApp\DemoSelfUpdateApp.csproj", "{1CDA5D27-B54A-47EC-874B-E855F61EDF63}"
EndProject
Project("{FAE04EC0-301F-11D3-BF4B-00C04F79EFBC}") = "SimpleFileUpdater", "SimpleFileUpdater\SimpleFileUpdater\SimpleFileUpdater.csproj", "{7FBE1CFB-4E3A-440E-BF6B-46EC4F438849}"
EndProject
Global
	GlobalSection(SolutionConfigurationPlatforms) = preSolution
		Debug|Any CPU = Debug|Any CPU
		Debug|x64 = Debug|x64
		Debug|x86 = Debug|x86
		Release|Any CPU = Release|Any CPU
		Release|x64 = Release|x64
		Release|x86 = Release|x86
	EndGlobalSection
	GlobalSection(SolutionProperties) = preSolution
		HideSolutionNode = FALSE
	EndGlobalSection
	GlobalSection(ProjectConfigurationPlatforms) = postSolution
		{79A46867-BBA2-434A-BFB1-E47391601FA8}.Debug|Any CPU.ActiveCfg = Debug|Any CPU
		{79A46867-BBA2-434A-BFB1-E47391601FA8}.Debug|Any CPU.Build.0 = Debug|Any CPU
		{79A46867-BBA2-434A-BFB1-E47391601FA8}.Debug|x64.ActiveCfg = Debug|Any CPU
		{79A46867-BBA2-434A-BFB1-E47391601FA8}.Debug|x64.Build.0 = Debug|Any CPU
		{79A46867-BBA2-434A-BFB1-E47391601FA8}.Debug|x86.ActiveCfg = Debug|Any CPU
		{79A46867-BBA2-434A-BFB1-E47391601FA8}.Debug|x86.Build.0 = Debug|Any CPU
		{79A46867-BBA2-434A-BFB1-E47391601FA8}.Release|Any CPU.ActiveCfg = Release|Any CPU
		{79A46867-BBA2-434A-BFB1-E47391601FA8}.Release|Any CPU.Build.0 = Release|Any CPU
		{79A46867-BBA2-434A-BFB1-E47391601FA8}.Release|x64.ActiveCfg = Release|Any CPU
		{79A46867-BBA2-434A-BFB1-E47391601FA8}.Release|x64.Build.0 = Release|Any CPU
		{79A46867-BBA2-434A-BFB1-E47391601FA8}.Release|x86.ActiveCfg = Release|Any CPU
		{79A46867-BBA2-434A-BFB1-E47391601FA8}.Release|x86.Build.0 = Release|Any CPU
		{63F857AA-EE91-45C4-ABE3-E9A8E5E2AA98}.Debug|Any CPU.ActiveCfg = Debug|Any CPU
		{63F857AA-EE91-45C4-ABE3-E9A8E5E2AA98}.Debug|Any CPU.Build.0 = Debug|Any CPU
		{63F857AA-EE91-45C4-ABE3-E9A8E5E2AA98}.Debug|x64.ActiveCfg = Debug|Any CPU
		{63F857AA-EE91-45C4-ABE3-E9A8E5E2AA98}.Debug|x64.Build.0 = Debug|Any CPU
		{63F857AA-EE91-45C4-ABE3-E9A8E5E2AA98}.Debug|x86.ActiveCfg = Debug|Any CPU
		{63F857AA-EE91-45C4-ABE3-E9A8E5E2AA98}.Debug|x86.Build.0 = Debug|Any CPU
		{63F857AA-EE91-45C4-ABE3-E9A8E5E2AA98}.Release|Any CPU.ActiveCfg = Release|Any CPU
		{63F857AA-EE91-45C4-ABE3-E9A8E5E2AA98}.Release|Any CPU.Build.0 = Release|Any CPU
		{63F857AA-EE91-45C4-ABE3-E9A8E5E2AA98}.Release|x64.ActiveCfg = Release|Any CPU
		{63F857AA-EE91-45C4-ABE3-E9A8E5E2AA98}.Release|x64.Build.0 = Release|Any CPU
		{63F857AA-EE91-45C4-ABE3-E9A8E5E2AA98}.Release|x86.ActiveCfg = Release|Any CPU
		{63F857AA-EE91-45C4-ABE3-E9A8E5E2AA98}.Release|x86.Build.0 = Release|Any CPU
		{1CDA5D27-B54A-47EC-874B-E855F61EDF63}.Debug|Any CPU.ActiveCfg = Debug|Any CPU
		{1CDA5D27-B54A-47EC-874B-E855F61EDF63}.Debug|Any CPU.Build.0 = Debug|Any CPU
		{1CDA5D27-B54A-47EC-874B-E855F61EDF63}.Debug|x64.ActiveCfg = Debug|Any CPU
		{1CDA5D27-B54A-47EC-874B-E855F61EDF63}.Debug|x64.Build.0 = Debug|Any CPU
		{1CDA5D27-B54A-47EC-874B-E855F61EDF63}.Debug|x86.ActiveCfg = Debug|Any CPU
		{1CDA5D27-B54A-47EC-874B-E855F61EDF63}.Debug|x86.Build.0 = Debug|Any CPU
		{1CDA5D27-B54A-47EC-874B-E855F61EDF63}.Release|Any CPU.ActiveCfg = Release|Any CPU
		{1CDA5D27-B54A-47EC-874B-E855F61EDF63}.Release|Any CPU.Build.0 = Release|Any CPU
		{1CDA5D27-B54A-47EC-874B-E855F61EDF63}.Release|x64.ActiveCfg = Release|Any CPU
		{1CDA5D27-B54A-47EC-874B-E855F61EDF63}.Release|x64.Build.0 = Release|Any CPU
		{1CDA5D27-B54A-47EC-874B-E855F61EDF63}.Release|x86.ActiveCfg = Release|Any CPU
		{1CDA5D27-B54A-47EC-874B-E855F61EDF63}.Release|x86.Build.0 = Release|Any CPU
		{7FBE1CFB-4E3A-440E-BF6B-46EC4F438849}.Debug|Any CPU.ActiveCfg = Debug|Any CPU
		{7FBE1CFB-4E3A-440E-BF6B-46EC4F438849}.Debug|Any CPU.Build.0 = Debug|Any CPU
		{7FBE1CFB-4E3A-440E-BF6B-46EC4F438849}.Debug|x64.ActiveCfg = Debug|Any CPU
		{7FBE1CFB-4E3A-440E-BF6B-46EC4F438849}.Debug|x64.Build.0 = Debug|Any CPU
		{7FBE1CFB-4E3A-440E-BF6B-46EC4F438849}.Debug|x86.ActiveCfg = Debug|Any CPU
		{7FBE1CFB-4E3A-440E-BF6B-46EC4F438849}.Debug|x86.Build.0 = Debug|Any CPU
		{7FBE1CFB-4E3A-440E-BF6B-46EC4F438849}.Release|Any CPU.ActiveCfg = Release|Any CPU
		{7FBE1CFB-4E3A-440E-BF6B-46EC4F438849}.Release|Any CPU.Build.0 = Release|Any CPU
		{7FBE1CFB-4E3A-440E-BF6B-46EC4F438849}.Release|x64.ActiveCfg = Release|Any CPU
		{7FBE1CFB-4E3A-440E-BF6B-46EC4F438849}.Release|x64.Build.0 = Release|Any CPU
		{7FBE1CFB-4E3A-440E-BF6B-46EC4F438849}.Release|x86.ActiveCfg = Release|Any CPU
		{7FBE1CFB-4E3A-440E-BF6B-46EC4F438849}.Release|x86.Build.0 = Release|Any CPU
	EndGlobalSection
EndGlobal
